
Microsoft Visual Studio Solution File, Format Version 12.00
# Visual Studio Version 16
VisualStudioVersion = 16.0.29519.87
MinimumVisualStudioVersion = 10.0.40219.1
Project("{FAE04EC0-301F-11D3-BF4B-00C04F79EFBC}") = "DeliveryMgmtService", "DeliveryMgmtService\DeliveryMgmtService.csproj", "{BFCA9D8B-33CB-4C22-8C7B-C99FB44BBCC9}"
EndProject
Project("{FAE04EC0-301F-11D3-BF4B-00C04F79EFBC}") = "StorageAccountLibrary", "StorageAccountLibrary\StorageAccountLibrary.csproj", "{882B2650-81A1-4969-AEAE-99E7F6F22B1B}"
EndProject
Project("{2150E333-8FDC-42A3-9474-1A3956D46DE8}") = "ARM", "ARM", "{CDCF0D38-B56C-4D6D-9AAC-64B0FB13A11D}"
EndProject
Project("{151D2E53-A2C4-4D7D-83FE-D05416EBD58E}") = "ARM_StorageAccount", "ARM_StorageAccount\ARM_StorageAccount.deployproj", "{7048908D-3556-488F-952A-ECAA745DF4B3}"
EndProject
Project("{151D2E53-A2C4-4D7D-83FE-D05416EBD58E}") = "ARM_DeliveryMgmetKeyvault", "ARM_DeliveryMgmetKeyvault\ARM_DeliveryMgmetKeyvault.deployproj", "{AC36113F-CC37-4559-97BF-A7012D079E28}"
EndProject
Project("{151D2E53-A2C4-4D7D-83FE-D05416EBD58E}") = "ARM_FunctionApp", "ARM_FunctionApp\ARM_FunctionApp.deployproj", "{3BC72FCF-E57D-4B6D-BA55-4FA721FEDD73}"
EndProject
Project("{9A19103F-16F7-4668-BE54-9A1E7A4F7556}") = "Function_Load_SeedData", "Function_Load_SeedData\Function_Load_SeedData.csproj", "{FFDB788F-48C7-4D3F-B45F-02DA91FA63DE}"
EndProject
Project("{FAE04EC0-301F-11D3-BF4B-00C04F79EFBC}") = "FunctionApp1", "FunctionApp1\FunctionApp1.csproj", "{E668B48B-DD6D-43B7-A9E3-5B668EFCBB72}"
EndProject
Global
	GlobalSection(SolutionConfigurationPlatforms) = preSolution
		Debug|Any CPU = Debug|Any CPU
		Release|Any CPU = Release|Any CPU
	EndGlobalSection
	GlobalSection(ProjectConfigurationPlatforms) = postSolution
		{BFCA9D8B-33CB-4C22-8C7B-C99FB44BBCC9}.Debug|Any CPU.ActiveCfg = Debug|Any CPU
		{BFCA9D8B-33CB-4C22-8C7B-C99FB44BBCC9}.Debug|Any CPU.Build.0 = Debug|Any CPU
		{BFCA9D8B-33CB-4C22-8C7B-C99FB44BBCC9}.Release|Any CPU.ActiveCfg = Release|Any CPU
		{BFCA9D8B-33CB-4C22-8C7B-C99FB44BBCC9}.Release|Any CPU.Build.0 = Release|Any CPU
		{882B2650-81A1-4969-AEAE-99E7F6F22B1B}.Debug|Any CPU.ActiveCfg = Debug|Any CPU
		{882B2650-81A1-4969-AEAE-99E7F6F22B1B}.Debug|Any CPU.Build.0 = Debug|Any CPU
		{882B2650-81A1-4969-AEAE-99E7F6F22B1B}.Release|Any CPU.ActiveCfg = Release|Any CPU
		{882B2650-81A1-4969-AEAE-99E7F6F22B1B}.Release|Any CPU.Build.0 = Release|Any CPU
		{7048908D-3556-488F-952A-ECAA745DF4B3}.Debug|Any CPU.ActiveCfg = Debug|Any CPU
		{7048908D-3556-488F-952A-ECAA745DF4B3}.Debug|Any CPU.Build.0 = Debug|Any CPU
		{7048908D-3556-488F-952A-ECAA745DF4B3}.Release|Any CPU.ActiveCfg = Release|Any CPU
		{7048908D-3556-488F-952A-ECAA745DF4B3}.Release|Any CPU.Build.0 = Release|Any CPU
		{AC36113F-CC37-4559-97BF-A7012D079E28}.Debug|Any CPU.ActiveCfg = Debug|Any CPU
		{AC36113F-CC37-4559-97BF-A7012D079E28}.Debug|Any CPU.Build.0 = Debug|Any CPU
		{AC36113F-CC37-4559-97BF-A7012D079E28}.Release|Any CPU.ActiveCfg = Release|Any CPU
		{AC36113F-CC37-4559-97BF-A7012D079E28}.Release|Any CPU.Build.0 = Release|Any CPU
		{3BC72FCF-E57D-4B6D-BA55-4FA721FEDD73}.Debug|Any CPU.ActiveCfg = Debug|Any CPU
		{3BC72FCF-E57D-4B6D-BA55-4FA721FEDD73}.Debug|Any CPU.Build.0 = Debug|Any CPU
		{3BC72FCF-E57D-4B6D-BA55-4FA721FEDD73}.Release|Any CPU.ActiveCfg = Release|Any CPU
		{3BC72FCF-E57D-4B6D-BA55-4FA721FEDD73}.Release|Any CPU.Build.0 = Release|Any CPU
		{FFDB788F-48C7-4D3F-B45F-02DA91FA63DE}.Debug|Any CPU.ActiveCfg = Debug|Any CPU
		{FFDB788F-48C7-4D3F-B45F-02DA91FA63DE}.Debug|Any CPU.Build.0 = Debug|Any CPU
		{FFDB788F-48C7-4D3F-B45F-02DA91FA63DE}.Release|Any CPU.ActiveCfg = Release|Any CPU
		{FFDB788F-48C7-4D3F-B45F-02DA91FA63DE}.Release|Any CPU.Build.0 = Release|Any CPU
		{E668B48B-DD6D-43B7-A9E3-5B668EFCBB72}.Debug|Any CPU.ActiveCfg = Debug|Any CPU
		{E668B48B-DD6D-43B7-A9E3-5B668EFCBB72}.Debug|Any CPU.Build.0 = Debug|Any CPU
		{E668B48B-DD6D-43B7-A9E3-5B668EFCBB72}.Release|Any CPU.ActiveCfg = Release|Any CPU
		{E668B48B-DD6D-43B7-A9E3-5B668EFCBB72}.Release|Any CPU.Build.0 = Release|Any CPU
	EndGlobalSection
	GlobalSection(SolutionProperties) = preSolution
		HideSolutionNode = FALSE
	EndGlobalSection
	GlobalSection(NestedProjects) = preSolution
		{7048908D-3556-488F-952A-ECAA745DF4B3} = {CDCF0D38-B56C-4D6D-9AAC-64B0FB13A11D}
		{AC36113F-CC37-4559-97BF-A7012D079E28} = {CDCF0D38-B56C-4D6D-9AAC-64B0FB13A11D}
		{3BC72FCF-E57D-4B6D-BA55-4FA721FEDD73} = {CDCF0D38-B56C-4D6D-9AAC-64B0FB13A11D}
	EndGlobalSection
	GlobalSection(ExtensibilityGlobals) = postSolution
		SolutionGuid = {FA3783E5-B586-4F2A-A58C-B504A7AF3563}
	EndGlobalSection
EndGlobal
